
Microsoft Visual Studio Solution File, Format Version 12.00
# Visual Studio Version 17
VisualStudioVersion = 17.7.34221.43
MinimumVisualStudioVersion = 10.0.40219.1
Project("{FAE04EC0-301F-11D3-BF4B-00C04F79EFBC}") = "WebStore", "WebStore.csproj", "{B030747D-ECCD-4854-8480-DA651247C32F}"
EndProject
Global
	GlobalSection(SolutionConfigurationPlatforms) = preSolution
		Debug|Any CPU = Debug|Any CPU
		Release|Any CPU = Release|Any CPU
	EndGlobalSection
	GlobalSection(ProjectConfigurationPlatforms) = postSolution
		{B030747D-ECCD-4854-8480-DA651247C32F}.Debug|Any CPU.ActiveCfg = Debug|Any CPU
		{B030747D-ECCD-4854-8480-DA651247C32F}.Debug|Any CPU.Build.0 = Debug|Any CPU
		{B030747D-ECCD-4854-8480-DA651247C32F}.Release|Any CPU.ActiveCfg = Release|Any CPU
		{B030747D-ECCD-4854-8480-DA651247C32F}.Release|Any CPU.Build.0 = Release|Any CPU
	EndGlobalSection
	GlobalSection(SolutionProperties) = preSolution
		HideSolutionNode = FALSE
	EndGlobalSection
	GlobalSection(ExtensibilityGlobals) = postSolution
		SolutionGuid = {3909E005-78F3-4426-8B9B-B7F0E25B5CA7}
	EndGlobalSection
EndGlobal
